<?xml version="1.0" encoding="UTF-8"?>
<CodeBlocks_project_file>
	<FileVersion major="1" minor="6"/>
	<Project>
		<Option title="TinyWebServer"/>
		<Option makefile_is_custom="1"/>
		<Option compiler="gcc"/>
		<Option virtualFolders="CMake Files\;"/>
		<Build>
			<Target title="all">
				<Option working_dir="/home/xuanxuan/my_files/TinyWebServer"/>
				<Option type="4"/>
				<MakeCommands>
					<Build command="/usr/bin/gmake -f &quot;/home/xuanxuan/my_files/TinyWebServer/Makefile&quot;  VERBOSE=1 all"/>
					<CompileFile command="/usr/bin/gmake -f &quot;/home/xuanxuan/my_files/TinyWebServer/Makefile&quot;  VERBOSE=1 &quot;$file&quot;"/>
					<Clean command="/usr/bin/gmake -f &quot;/home/xuanxuan/my_files/TinyWebServer/Makefile&quot;  VERBOSE=1 clean"/>
					<DistClean command="/usr/bin/gmake -f &quot;/home/xuanxuan/my_files/TinyWebServer/Makefile&quot;  VERBOSE=1 clean"/>
				</MakeCommands>
			</Target>
			<Target title="TinyWebServer">
				<Option output="/home/xuanxuan/my_files/TinyWebServer/TinyWebServer" prefix_auto="0" extension_auto="0"/>
				<Option working_dir="/home/xuanxuan/my_files/TinyWebServer"/>
				<Option object_output="./"/>
				<Option type="1"/>
				<Option compiler="gcc"/>
				<Compiler>
					<Add directory="/usr/include/mysql"/>
				</Compiler>
				<MakeCommands>
					<Build command="/usr/bin/gmake -f &quot;/home/xuanxuan/my_files/TinyWebServer/Makefile&quot;  VERBOSE=1 TinyWebServer"/>
					<CompileFile command="/usr/bin/gmake -f &quot;/home/xuanxuan/my_files/TinyWebServer/Makefile&quot;  VERBOSE=1 &quot;$file&quot;"/>
					<Clean command="/usr/bin/gmake -f &quot;/home/xuanxuan/my_files/TinyWebServer/Makefile&quot;  VERBOSE=1 clean"/>
					<DistClean command="/usr/bin/gmake -f &quot;/home/xuanxuan/my_files/TinyWebServer/Makefile&quot;  VERBOSE=1 clean"/>
				</MakeCommands>
			</Target>
			<Target title="TinyWebServer/fast">
				<Option output="/home/xuanxuan/my_files/TinyWebServer/TinyWebServer" prefix_auto="0" extension_auto="0"/>
				<Option working_dir="/home/xuanxuan/my_files/TinyWebServer"/>
				<Option object_output="./"/>
				<Option type="1"/>
				<Option compiler="gcc"/>
				<Compiler>
					<Add directory="/usr/include/mysql"/>
				</Compiler>
				<MakeCommands>
					<Build command="/usr/bin/gmake -f &quot;/home/xuanxuan/my_files/TinyWebServer/Makefile&quot;  VERBOSE=1 TinyWebServer/fast"/>
					<CompileFile command="/usr/bin/gmake -f &quot;/home/xuanxuan/my_files/TinyWebServer/Makefile&quot;  VERBOSE=1 &quot;$file&quot;"/>
					<Clean command="/usr/bin/gmake -f &quot;/home/xuanxuan/my_files/TinyWebServer/Makefile&quot;  VERBOSE=1 clean"/>
					<DistClean command="/usr/bin/gmake -f &quot;/home/xuanxuan/my_files/TinyWebServer/Makefile&quot;  VERBOSE=1 clean"/>
				</MakeCommands>
			</Target>
			<Target title="edit_cache">
				<Option working_dir="/home/xuanxuan/my_files/TinyWebServer"/>
				<Option type="4"/>
				<MakeCommands>
					<Build command="/usr/bin/gmake -f &quot;/home/xuanxuan/my_files/TinyWebServer/Makefile&quot;  VERBOSE=1 edit_cache"/>
					<CompileFile command="/usr/bin/gmake -f &quot;/home/xuanxuan/my_files/TinyWebServer/Makefile&quot;  VERBOSE=1 &quot;$file&quot;"/>
					<Clean command="/usr/bin/gmake -f &quot;/home/xuanxuan/my_files/TinyWebServer/Makefile&quot;  VERBOSE=1 clean"/>
					<DistClean command="/usr/bin/gmake -f &quot;/home/xuanxuan/my_files/TinyWebServer/Makefile&quot;  VERBOSE=1 clean"/>
				</MakeCommands>
			</Target>
			<Target title="rebuild_cache">
				<Option working_dir="/home/xuanxuan/my_files/TinyWebServer"/>
				<Option type="4"/>
				<MakeCommands>
					<Build command="/usr/bin/gmake -f &quot;/home/xuanxuan/my_files/TinyWebServer/Makefile&quot;  VERBOSE=1 rebuild_cache"/>
					<CompileFile command="/usr/bin/gmake -f &quot;/home/xuanxuan/my_files/TinyWebServer/Makefile&quot;  VERBOSE=1 &quot;$file&quot;"/>
					<Clean command="/usr/bin/gmake -f &quot;/home/xuanxuan/my_files/TinyWebServer/Makefile&quot;  VERBOSE=1 clean"/>
					<DistClean command="/usr/bin/gmake -f &quot;/home/xuanxuan/my_files/TinyWebServer/Makefile&quot;  VERBOSE=1 clean"/>
				</MakeCommands>
			</Target>
		</Build>
		<Unit filename="/home/xuanxuan/my_files/TinyWebServer/block_queue/block_queue.h">
			<Option target="TinyWebServer"/>
		</Unit>
		<Unit filename="/home/xuanxuan/my_files/TinyWebServer/buffer/buffer.cpp">
			<Option target="TinyWebServer"/>
		</Unit>
		<Unit filename="/home/xuanxuan/my_files/TinyWebServer/buffer/buffer.h">
			<Option target="TinyWebServer"/>
		</Unit>
		<Unit filename="/home/xuanxuan/my_files/TinyWebServer/epoller/epoller.cpp">
			<Option target="TinyWebServer"/>
		</Unit>
		<Unit filename="/home/xuanxuan/my_files/TinyWebServer/epoller/epoller.h">
			<Option target="TinyWebServer"/>
		</Unit>
		<Unit filename="/home/xuanxuan/my_files/TinyWebServer/heap_timer/heap_timer.cpp">
			<Option target="TinyWebServer"/>
		</Unit>
		<Unit filename="/home/xuanxuan/my_files/TinyWebServer/heap_timer/heap_timer.h">
			<Option target="TinyWebServer"/>
		</Unit>
		<Unit filename="/home/xuanxuan/my_files/TinyWebServer/http/http_conn/http_conn.cpp">
			<Option target="TinyWebServer"/>
		</Unit>
		<Unit filename="/home/xuanxuan/my_files/TinyWebServer/http/http_conn/http_conn.h">
			<Option target="TinyWebServer"/>
		</Unit>
		<Unit filename="/home/xuanxuan/my_files/TinyWebServer/http/http_request/http_request.cpp">
			<Option target="TinyWebServer"/>
		</Unit>
		<Unit filename="/home/xuanxuan/my_files/TinyWebServer/http/http_request/http_request.h">
			<Option target="TinyWebServer"/>
		</Unit>
		<Unit filename="/home/xuanxuan/my_files/TinyWebServer/http/http_response/http_response.cpp">
			<Option target="TinyWebServer"/>
		</Unit>
		<Unit filename="/home/xuanxuan/my_files/TinyWebServer/http/http_response/http_response.h">
			<Option target="TinyWebServer"/>
		</Unit>
		<Unit filename="/home/xuanxuan/my_files/TinyWebServer/log/log.cpp">
			<Option target="TinyWebServer"/>
		</Unit>
		<Unit filename="/home/xuanxuan/my_files/TinyWebServer/log/log.h">
			<Option target="TinyWebServer"/>
		</Unit>
		<Unit filename="/home/xuanxuan/my_files/TinyWebServer/main.cpp">
			<Option target="TinyWebServer"/>
		</Unit>
		<Unit filename="/home/xuanxuan/my_files/TinyWebServer/server/server.cpp">
			<Option target="TinyWebServer"/>
		</Unit>
		<Unit filename="/home/xuanxuan/my_files/TinyWebServer/server/server.h">
			<Option target="TinyWebServer"/>
		</Unit>
		<Unit filename="/home/xuanxuan/my_files/TinyWebServer/sql_conn_pool/sql_conn_pool.cpp">
			<Option target="TinyWebServer"/>
		</Unit>
		<Unit filename="/home/xuanxuan/my_files/TinyWebServer/sql_conn_pool/sql_conn_pool.h">
			<Option target="TinyWebServer"/>
		</Unit>
		<Unit filename="/home/xuanxuan/my_files/TinyWebServer/sql_conn_pool/sql_conn_raii.h">
			<Option target="TinyWebServer"/>
		</Unit>
		<Unit filename="/home/xuanxuan/my_files/TinyWebServer/thread_pool/thread_pool.h">
			<Option target="TinyWebServer"/>
		</Unit>
		<Unit filename="/home/xuanxuan/my_files/TinyWebServer/CMakeLists.txt">
			<Option virtualFolder="CMake Files\"/>
		</Unit>
	</Project>
</CodeBlocks_project_file>
